
Microsoft Visual Studio Solution File, Format Version 12.00
# Visual Studio Version 16
VisualStudioVersion = 16.0.29418.71
MinimumVisualStudioVersion = 10.0.40219.1
Project("{8BC9CEB8-8B4A-11D0-8D11-00A0C91BC942}") = "SockClient", "SockClient.vcxproj", "{CCA53B05-93C4-4AEC-A2A6-C3F66810B51D}"
EndProject
Global
	GlobalSection(SolutionConfigurationPlatforms) = preSolution
		Debug|x64 = Debug|x64
		Debug|x86 = Debug|x86
		Release|x64 = Release|x64
		Release|x86 = Release|x86
	EndGlobalSection
	GlobalSection(ProjectConfigurationPlatforms) = postSolution
		{CCA53B05-93C4-4AEC-A2A6-C3F66810B51D}.Debug|x64.ActiveCfg = Debug|x64
		{CCA53B05-93C4-4AEC-A2A6-C3F66810B51D}.Debug|x64.Build.0 = Debug|x64
		{CCA53B05-93C4-4AEC-A2A6-C3F66810B51D}.Debug|x86.ActiveCfg = Debug|Win32
		{CCA53B05-93C4-4AEC-A2A6-C3F66810B51D}.Debug|x86.Build.0 = Debug|Win32
		{CCA53B05-93C4-4AEC-A2A6-C3F66810B51D}.Release|x64.ActiveCfg = Release|x64
		{CCA53B05-93C4-4AEC-A2A6-C3F66810B51D}.Release|x64.Build.0 = Release|x64
		{CCA53B05-93C4-4AEC-A2A6-C3F66810B51D}.Release|x86.ActiveCfg = Release|Win32
		{CCA53B05-93C4-4AEC-A2A6-C3F66810B51D}.Release|x86.Build.0 = Release|Win32
	EndGlobalSection
	GlobalSection(SolutionProperties) = preSolution
		HideSolutionNode = FALSE
	EndGlobalSection
	GlobalSection(ExtensibilityGlobals) = postSolution
		SolutionGuid = {E626DDEB-C912-4095-8916-50ADC01A2EA9}
	EndGlobalSection
EndGlobal
